// !$*UTF8*$!
{
	archiveVersion = 1;
	classes = {
	};
	objectVersion = 77;
	objects = {

/* Begin PBXBuildFile section */
		0251C3B2EF5272EE6B9A789E /* AppIcon.png in Resources */ = {isa = PBXBuildFile; fileRef = 9DE0DE66B1418BAB8B1F0F73 /* AppIcon.png */; };
		02FCF144BE815CB1427D5C6D /* HostOverview.swift in Sources */ = {isa = PBXBuildFile; fileRef = DCED3CB381B1EBDA09D6F705 /* HostOverview.swift */; };
		0405FB6989ADD59280F4C50B /* NerdFontIcons.swift in Sources */ = {isa = PBXBuildFile; fileRef = C62CC3928D2886D20B479A59 /* NerdFontIcons.swift */; };
		0677DAF91BE14EB43D261021 /* SidebarDivider.swift in Sources */ = {isa = PBXBuildFile; fileRef = 3D2F27F8718F6415C790115F /* SidebarDivider.swift */; };
		0F66A021071A0C65CCF4B324 /* FileBrowser.swift in Sources */ = {isa = PBXBuildFile; fileRef = 3CD647B69FEE9C928419CC9A /* FileBrowser.swift */; };
		12692E67AF93F18760DBDDE0 /* TabsModel.swift in Sources */ = {isa = PBXBuildFile; fileRef = 6FDA3935AE9F0BBE6372D2C1 /* TabsModel.swift */; };
		1317AC84BBA66472850E1FA0 /* AppEnv.swift in Sources */ = {isa = PBXBuildFile; fileRef = AEF73C91115309B079FAE0A2 /* AppEnv.swift */; };
		16D136F3D24B59CA45769116 /* AboutView.swift in Sources */ = {isa = PBXBuildFile; fileRef = 960BB4F03437160E388C0A01 /* AboutView.swift */; };
		1FAFCA582661FF50BE800F7C /* TermoApp.swift in Sources */ = {isa = PBXBuildFile; fileRef = BB20521E7CB1F97B034FC777 /* TermoApp.swift */; };
		275AC8E86EC97CCE744A5AE1 /* FileIcons.swift in Sources */ = {isa = PBXBuildFile; fileRef = E24CAA38E66B6D16CA193D8B /* FileIcons.swift */; };
		2C412D1F27CD00001B207337 /* Localizable.xcstrings in Resources */ = {isa = PBXBuildFile; fileRef = 8D459A9141AD020F9822273D /* Localizable.xcstrings */; };
		2EE07A6CD3B97876E60F14BE /* Security.framework in Frameworks */ = {isa = PBXBuildFile; fileRef = FD32E564F595878325C284FC /* Security.framework */; };
		3239FF73BCD4D44A485CC1F9 /* BundleResources.swift in Sources */ = {isa = PBXBuildFile; fileRef = D026950CEB9B2C8A1AE92AF6 /* BundleResources.swift */; };
		3801418ADE5720C9809D4098 /* Assets.xcassets in Resources */ = {isa = PBXBuildFile; fileRef = 2CAFBC8380A693E6ED2162D0 /* Assets.xcassets */; };
		3CB26182AE9092AB27045790 /* LayoutModel.swift in Sources */ = {isa = PBXBuildFile; fileRef = C026D59ED91361778B6B4B83 /* LayoutModel.swift */; };
		405C1999CC835E019FA8D087 /* WebDAVClient.swift in Sources */ = {isa = PBXBuildFile; fileRef = 7197CFB2ABD4958688C7F12B /* WebDAVClient.swift */; };
		416C5F24605314F61E0FE971 /* TermoIOSApp.swift in Sources */ = {isa = PBXBuildFile; fileRef = 141656DAD408F8616E5DA27F /* TermoIOSApp.swift */; };
		425BC5173D1D386193DF0FF2 /* AppModel.swift in Sources */ = {isa = PBXBuildFile; fileRef = BD4781A2CF9579DE21490ED7 /* AppModel.swift */; };
		45E2AF15536559A48A74A94B /* TermoCore in Frameworks */ = {isa = PBXBuildFile; productRef = 6B0B341D52D906722944780E /* TermoCore */; };
		49ED9F3C1FB4A57E5C40A2D5 /* AppInfo.swift in Sources */ = {isa = PBXBuildFile; fileRef = EC2740433D28692622FE7281 /* AppInfo.swift */; };
		4E8BB08836DC765A3793C7BB /* SFTPClient.swift in Sources */ = {isa = PBXBuildFile; fileRef = 40368D0C3B6906325B722EE0 /* SFTPClient.swift */; };
		5006CD805681677B0CF1953B /* SettingsView.swift in Sources */ = {isa = PBXBuildFile; fileRef = 8153CA939F7EA1C538726203 /* SettingsView.swift */; };
		50A266AC1A12B573BBAA2DF1 /* SwiftTerm in Frameworks */ = {isa = PBXBuildFile; productRef = 9AFD70D7F0CA6271D43F4764 /* SwiftTerm */; };
		523376E8B7B15E65028AD2B5 /* ExecPanels.swift in Sources */ = {isa = PBXBuildFile; fileRef = ECA592A6DEDAE371DE78D8B2 /* ExecPanels.swift */; };
		54ED47672872B75CE5DB286F /* KeysPanel.swift in Sources */ = {isa = PBXBuildFile; fileRef = 1983EEAC0FFD7F2C8003C88B /* KeysPanel.swift */; };
		563B0D4BCEE69D24F6157952 /* PortForward.swift in Sources */ = {isa = PBXBuildFile; fileRef = 88FE548D65E22CCE9FF8E686 /* PortForward.swift */; };
		5A98EB5B5D35F85E9D0876B6 /* AskPasswordDialog.swift in Sources */ = {isa = PBXBuildFile; fileRef = E7EC3A802375763DAFCB55EB /* AskPasswordDialog.swift */; };
		60A0513DBD27B3CDD6F4553C /* SyncEngine.swift in Sources */ = {isa = PBXBuildFile; fileRef = C2E35ACA0AA766379ACA18D9 /* SyncEngine.swift */; };
		66D1D025912F7FCDB04ABC96 /* PrivacyPolicyView.swift in Sources */ = {isa = PBXBuildFile; fileRef = E5758B8305160B2F0356D7F6 /* PrivacyPolicyView.swift */; };
		676AA5CF6C60708F710B1EA1 /* TabScrollView.swift in Sources */ = {isa = PBXBuildFile; fileRef = 002943114034A286D5FDC8CF /* TabScrollView.swift */; };
		6AAC029451BD56E296343D6F /* FileUpload.swift in Sources */ = {isa = PBXBuildFile; fileRef = DF8DC617FA5929DB9BC01D25 /* FileUpload.swift */; };
		6B0558540093B6422EBFB23A /* KeySheets.swift in Sources */ = {isa = PBXBuildFile; fileRef = D5336686AD7D595B6A0F188A /* KeySheets.swift */; };
		6C6B11DD0113F6AB39E48742 /* Notifier.swift in Sources */ = {isa = PBXBuildFile; fileRef = 45C201B4ACC5CB6B8514EAEC /* Notifier.swift */; };
		6CE4E5281B4CD553A51A8BA9 /* TrayController.swift in Sources */ = {isa = PBXBuildFile; fileRef = C3B3BC77E7E96CF7E2674E2F /* TrayController.swift */; };
		6D65B9002212F04C1E6EA881 /* FileOps.swift in Sources */ = {isa = PBXBuildFile; fileRef = 922A429B171BE608DC237A98 /* FileOps.swift */; };
		70FA2DCB716702418F3625EE /* SnippetSheets.swift in Sources */ = {isa = PBXBuildFile; fileRef = 40EBEA7EA273FB2B1C459A5B /* SnippetSheets.swift */; };
		766D139DE85662003CB933E0 /* AddHostView.swift in Sources */ = {isa = PBXBuildFile; fileRef = 333A99410F1C608823899399 /* AddHostView.swift */; };
		7715578FC742A02AA06A2A93 /* KeyTools.swift in Sources */ = {isa = PBXBuildFile; fileRef = 0BB120BE0A8466FDD6051FDD /* KeyTools.swift */; };
		791DFE9DEAD1061E2296BB15 /* Tooltip.swift in Sources */ = {isa = PBXBuildFile; fileRef = 6A4DA8CC82A64EB068CBD823 /* Tooltip.swift */; };
		7F4405939A794AB6E3D1C1F9 /* TermoWatchApp.swift in Sources */ = {isa = PBXBuildFile; fileRef = 2495EE901DC0389FB62BC30A /* TermoWatchApp.swift */; };
		82564CB03E98959D9890E2AF /* TerminalSurface.swift in Sources */ = {isa = PBXBuildFile; fileRef = 507FF5447F03353EF481A8B0 /* TerminalSurface.swift */; };
		8E3B08A126CAA5DE8124C315 /* SyncCrypto.swift in Sources */ = {isa = PBXBuildFile; fileRef = DE23E262C9D525A094244A7B /* SyncCrypto.swift */; };
		8EDFD4A742997CCB799687E5 /* FileTree.swift in Sources */ = {isa = PBXBuildFile; fileRef = 800B3BEE581D0FE8185ABEE1 /* FileTree.swift */; };
		8F7C594C7C052F6512B65A8A /* SyncPanel.swift in Sources */ = {isa = PBXBuildFile; fileRef = C88E879F74C0907E243220AF /* SyncPanel.swift */; };
		91CE14BF1033D9A165E19E08 /* SSHKey.swift in Sources */ = {isa = PBXBuildFile; fileRef = D172F44C6B1D699CB9362786 /* SSHKey.swift */; };
		96D521A2A56367A415A467F1 /* SSHTerminalDriver.swift in Sources */ = {isa = PBXBuildFile; fileRef = B0FF5367FD75FA678A82796A /* SSHTerminalDriver.swift */; };
		984E277E8D447E2645434ACB /* SyncModels.swift in Sources */ = {isa = PBXBuildFile; fileRef = A1C9C7C264181C1C658F930C /* SyncModels.swift */; };
		9946E781B1E37438F0E31352 /* HostMonitor.swift in Sources */ = {isa = PBXBuildFile; fileRef = 643CD14D9A1343A9CBEB6A5E /* HostMonitor.swift */; };
		9A8317CC83A8962133251EE9 /* SSHSession.swift in Sources */ = {isa = PBXBuildFile; fileRef = 8C2B346E9462FFBEA66D9E8F /* SSHSession.swift */; };
		9E90B83D1DF39F54A3E660FC /* SnippetsPanel.swift in Sources */ = {isa = PBXBuildFile; fileRef = 7075C12BC3153FDBECAE6CDD /* SnippetsPanel.swift */; };
		9EBF1625176E56AEFCEDB5A0 /* PortForwardView.swift in Sources */ = {isa = PBXBuildFile; fileRef = EF1A4E31A396CBDCD57DF2AB /* PortForwardView.swift */; };
		9F5F0EFF7D091F163C1AE5E3 /* Snippet.swift in Sources */ = {isa = PBXBuildFile; fileRef = FA3E0ECD927BE5B8E2E188AF /* Snippet.swift */; };
		A5F083481C1216AFE8FCB3F4 /* RightBar.swift in Sources */ = {isa = PBXBuildFile; fileRef = D0F4CFDE3083C63221444816 /* RightBar.swift */; };
		AAD4CE9760CC10DF42EB32D4 /* AppIcon.icns in Resources */ = {isa = PBXBuildFile; fileRef = E34CDDD5377B936A4BD7074F /* AppIcon.icns */; };
		AB040BAAE224C9A3DC34AC2A /* FileExtract.swift in Sources */ = {isa = PBXBuildFile; fileRef = FD39E9CC2091D88B6C63B349 /* FileExtract.swift */; };
		ABD40C5DF3AF425FC848A08B /* font-logos.ttf in Resources */ = {isa = PBXBuildFile; fileRef = A67AE3D18D0C1243CFB8D557 /* font-logos.ttf */; };
		AEF5C9FED582E0E87C101FE8 /* TermoSSHDispatch.c in Sources */ = {isa = PBXBuildFile; fileRef = A1239B55F5573C3CD7FCA137 /* TermoSSHDispatch.c */; };
		B01DA0D4E8AD4CB41D738701 /* OSLogo.swift in Sources */ = {isa = PBXBuildFile; fileRef = 09193A7184944CAF7E27F8D3 /* OSLogo.swift */; };
		B239A88ECF733A6D9281BB9A /* Components.swift in Sources */ = {isa = PBXBuildFile; fileRef = 022AEDEEEA2726ED9937BBC7 /* Components.swift */; };
		B3ABCC2C2D678CE2E3B4F20D /* TabBar.swift in Sources */ = {isa = PBXBuildFile; fileRef = 75740BD11A4036590AF39490 /* TabBar.swift */; };
		B7FBDA0D3EA60CC50BB62DC5 /* HostDraft.swift in Sources */ = {isa = PBXBuildFile; fileRef = 501545F29B4E1519B62B1BC7 /* HostDraft.swift */; };
		BCE58AD69E37A05D9EFA8349 /* SnippetStore.swift in Sources */ = {isa = PBXBuildFile; fileRef = AE623D081B326C025E0118B3 /* SnippetStore.swift */; };
		C06F062E9806D2919BBAF1D1 /* FileOpDialogs.swift in Sources */ = {isa = PBXBuildFile; fileRef = 00D690BC4B87701F1703B64F /* FileOpDialogs.swift */; };
		CA9C859BF5D74AAAD27A97FE /* SnippetRunDialog.swift in Sources */ = {isa = PBXBuildFile; fileRef = B7FDEA83B50C900461CECE94 /* SnippetRunDialog.swift */; };
		CC10B486D148FA2A022970A9 /* SyncStore.swift in Sources */ = {isa = PBXBuildFile; fileRef = E28DE9A45962650A20806BF0 /* SyncStore.swift */; };
		CCCE7023A8BF9DF0D12F5A1C /* RemoteFS.swift in Sources */ = {isa = PBXBuildFile; fileRef = 248097FC2A8FBA83A9E42874 /* RemoteFS.swift */; };
		D1246FC441226EB86256B996 /* Models.swift in Sources */ = {isa = PBXBuildFile; fileRef = 862C497DDA041A73F78FEA04 /* Models.swift */; };
		D4E1BB5C63DB0D8B5D3C4AA7 /* HostKeyDialog.swift in Sources */ = {isa = PBXBuildFile; fileRef = F38CB670FB02EF6AF5CEBDF9 /* HostKeyDialog.swift */; };
		D64FA808A8F41212E30BD758 /* Theme.swift in Sources */ = {isa = PBXBuildFile; fileRef = BCEFBDBEDCA1B9A7D7F8DF36 /* Theme.swift */; };
		D71B3A5AB5732C288E2D1F4E /* TermoCore in Frameworks */ = {isa = PBXBuildFile; productRef = 29B716FC3EC01F73653D4A43 /* TermoCore */; };
		DC82E921312D10CFF921F97B /* Persistence.swift in Sources */ = {isa = PBXBuildFile; fileRef = 1C321CE8CC691865AB47896F /* Persistence.swift */; };
		DD247A59BA9C0A9B8F8DECE0 /* TestConnectionView.swift in Sources */ = {isa = PBXBuildFile; fileRef = E3B549B96E762A0F96435705 /* TestConnectionView.swift */; };
		DE283A4EBA547661A5B5F5D0 /* SSHSessionPool.swift in Sources */ = {isa = PBXBuildFile; fileRef = 172B7815060BD98DE4B52BAD /* SSHSessionPool.swift */; };
		E101FB071C357D1A3E0D3B36 /* AppSettings.swift in Sources */ = {isa = PBXBuildFile; fileRef = 708441330F807778E77B2B88 /* AppSettings.swift */; };
		E2EECA718684D03CF8345249 /* Workspace.swift in Sources */ = {isa = PBXBuildFile; fileRef = 1626E272150021A09FC31784 /* Workspace.swift */; };
		E6BFAC96BEDB66DBA492C523 /* HostKeyVerifier.swift in Sources */ = {isa = PBXBuildFile; fileRef = C703EECD0742870CD6D43856 /* HostKeyVerifier.swift */; };
		E82806E27A86F286792F164A /* KeyStore.swift in Sources */ = {isa = PBXBuildFile; fileRef = 650DB60AA2A221003E5EAA5A /* KeyStore.swift */; };
		F5B3AE3D0DA903464CC16F47 /* CoreFoundation.framework in Frameworks */ = {isa = PBXBuildFile; fileRef = 7F11BB7AEF9BDB198C9803A9 /* CoreFoundation.framework */; };
		F8EE9711E450E3D8C106045C /* BackgroundActivity.swift in Sources */ = {isa = PBXBuildFile; fileRef = 7024DA152ABF9F72C989A474 /* BackgroundActivity.swift */; };
		FAEBE075C86A63410120BE4D /* SyncModel.swift in Sources */ = {isa = PBXBuildFile; fileRef = 0A9624A842CEA091C1638BE8 /* SyncModel.swift */; };
		FB99BAEE2ED4F30731A47A0F /* Sidebar.swift in Sources */ = {isa = PBXBuildFile; fileRef = C5222F58405D3CEFB6BD7717 /* Sidebar.swift */; };
		FE471C6B3046358BF4827EA1 /* BackgroundCenterView.swift in Sources */ = {isa = PBXBuildFile; fileRef = B5D622C08849A6205DE9113D /* BackgroundCenterView.swift */; };
/* End PBXBuildFile section */

/* Begin PBXFileReference section */
		002943114034A286D5FDC8CF /* TabScrollView.swift */ = {isa = PBXFileReference; lastKnownFileType = sourcecode.swift; path = TabScrollView.swift; sourceTree = "<group>"; };
		00D690BC4B87701F1703B64F /* FileOpDialogs.swift */ = {isa = PBXFileReference; lastKnownFileType = sourcecode.swift; path = FileOpDialogs.swift; sourceTree = "<group>"; };
		022AEDEEEA2726ED9937BBC7 /* Components.swift */ = {isa = PBXFileReference; lastKnownFileType = sourcecode.swift; path = Components.swift; sourceTree = "<group>"; };
		09193A7184944CAF7E27F8D3 /* OSLogo.swift */ = {isa = PBXFileReference; lastKnownFileType = sourcecode.swift; path = OSLogo.swift; sourceTree = "<group>"; };
		0972F9D146D84483F7A39E3D /* TermoCore */ = {isa = PBXFileReference; lastKnownFileType = folder; name = TermoCore; path = TermoCore; sourceTree = SOURCE_ROOT; };
		0A9624A842CEA091C1638BE8 /* SyncModel.swift */ = {isa = PBXFileReference; lastKnownFileType = sourcecode.swift; path = SyncModel.swift; sourceTree = "<group>"; };
		0BB120BE0A8466FDD6051FDD /* KeyTools.swift */ = {isa = PBXFileReference; lastKnownFileType = sourcecode.swift; path = KeyTools.swift; sourceTree = "<group>"; };
		141656DAD408F8616E5DA27F /* TermoIOSApp.swift */ = {isa = PBXFileReference; lastKnownFileType = sourcecode.swift; path = TermoIOSApp.swift; sourceTree = "<group>"; };
		1626E272150021A09FC31784 /* Workspace.swift */ = {isa = PBXFileReference; lastKnownFileType = sourcecode.swift; path = Workspace.swift; sourceTree = "<group>"; };
		172B7815060BD98DE4B52BAD /* SSHSessionPool.swift */ = {isa = PBXFileReference; lastKnownFileType = sourcecode.swift; path = SSHSessionPool.swift; sourceTree = "<group>"; };
		1983EEAC0FFD7F2C8003C88B /* KeysPanel.swift */ = {isa = PBXFileReference; lastKnownFileType = sourcecode.swift; path = KeysPanel.swift; sourceTree = "<group>"; };
		1C321CE8CC691865AB47896F /* Persistence.swift */ = {isa = PBXFileReference; lastKnownFileType = sourcecode.swift; path = Persistence.swift; sourceTree = "<group>"; };
		248097FC2A8FBA83A9E42874 /* RemoteFS.swift */ = {isa = PBXFileReference; lastKnownFileType = sourcecode.swift; path = RemoteFS.swift; sourceTree = "<group>"; };
		2495EE901DC0389FB62BC30A /* TermoWatchApp.swift */ = {isa = PBXFileReference; lastKnownFileType = sourcecode.swift; path = TermoWatchApp.swift; sourceTree = "<group>"; };
		28F358AF868EFC403DE5E8F5 /* TermoRusshCore.h */ = {isa = PBXFileReference; lastKnownFileType = sourcecode.c.h; path = TermoRusshCore.h; sourceTree = "<group>"; };
		2AEE9BE384D7D3E41A645BFD /* TermoSSHCore.h */ = {isa = PBXFileReference; lastKnownFileType = sourcecode.c.h; path = TermoSSHCore.h; sourceTree = "<group>"; };
		2CAFBC8380A693E6ED2162D0 /* Assets.xcassets */ = {isa = PBXFileReference; lastKnownFileType = folder.assetcatalog; path = Assets.xcassets; sourceTree = "<group>"; };
		333A99410F1C608823899399 /* AddHostView.swift */ = {isa = PBXFileReference; lastKnownFileType = sourcecode.swift; path = AddHostView.swift; sourceTree = "<group>"; };
		3CD647B69FEE9C928419CC9A /* FileBrowser.swift */ = {isa = PBXFileReference; lastKnownFileType = sourcecode.swift; path = FileBrowser.swift; sourceTree = "<group>"; };
		3D2F27F8718F6415C790115F /* SidebarDivider.swift */ = {isa = PBXFileReference; lastKnownFileType = sourcecode.swift; path = SidebarDivider.swift; sourceTree = "<group>"; };
		40368D0C3B6906325B722EE0 /* SFTPClient.swift */ = {isa = PBXFileReference; lastKnownFileType = sourcecode.swift; path = SFTPClient.swift; sourceTree = "<group>"; };
		40EBEA7EA273FB2B1C459A5B /* SnippetSheets.swift */ = {isa = PBXFileReference; lastKnownFileType = sourcecode.swift; path = SnippetSheets.swift; sourceTree = "<group>"; };
		45C201B4ACC5CB6B8514EAEC /* Notifier.swift */ = {isa = PBXFileReference; lastKnownFileType = sourcecode.swift; path = Notifier.swift; sourceTree = "<group>"; };
		501545F29B4E1519B62B1BC7 /* HostDraft.swift */ = {isa = PBXFileReference; lastKnownFileType = sourcecode.swift; path = HostDraft.swift; sourceTree = "<group>"; };
		507FF5447F03353EF481A8B0 /* TerminalSurface.swift */ = {isa = PBXFileReference; lastKnownFileType = sourcecode.swift; path = TerminalSurface.swift; sourceTree = "<group>"; };
		643CD14D9A1343A9CBEB6A5E /* HostMonitor.swift */ = {isa = PBXFileReference; lastKnownFileType = sourcecode.swift; path = HostMonitor.swift; sourceTree = "<group>"; };
		650DB60AA2A221003E5EAA5A /* KeyStore.swift */ = {isa = PBXFileReference; lastKnownFileType = sourcecode.swift; path = KeyStore.swift; sourceTree = "<group>"; };
		6A4DA8CC82A64EB068CBD823 /* Tooltip.swift */ = {isa = PBXFileReference; lastKnownFileType = sourcecode.swift; path = Tooltip.swift; sourceTree = "<group>"; };
		6FDA3935AE9F0BBE6372D2C1 /* TabsModel.swift */ = {isa = PBXFileReference; lastKnownFileType = sourcecode.swift; path = TabsModel.swift; sourceTree = "<group>"; };
		7024DA152ABF9F72C989A474 /* BackgroundActivity.swift */ = {isa = PBXFileReference; lastKnownFileType = sourcecode.swift; path = BackgroundActivity.swift; sourceTree = "<group>"; };
		7075C12BC3153FDBECAE6CDD /* SnippetsPanel.swift */ = {isa = PBXFileReference; lastKnownFileType = sourcecode.swift; path = SnippetsPanel.swift; sourceTree = "<group>"; };
		708441330F807778E77B2B88 /* AppSettings.swift */ = {isa = PBXFileReference; lastKnownFileType = sourcecode.swift; path = AppSettings.swift; sourceTree = "<group>"; };
		7197CFB2ABD4958688C7F12B /* WebDAVClient.swift */ = {isa = PBXFileReference; lastKnownFileType = sourcecode.swift; path = WebDAVClient.swift; sourceTree = "<group>"; };
		75740BD11A4036590AF39490 /* TabBar.swift */ = {isa = PBXFileReference; lastKnownFileType = sourcecode.swift; path = TabBar.swift; sourceTree = "<group>"; };
		7F11BB7AEF9BDB198C9803A9 /* CoreFoundation.framework */ = {isa = PBXFileReference; lastKnownFileType = wrapper.framework; name = CoreFoundation.framework; path = System/Library/Frameworks/CoreFoundation.framework; sourceTree = SDKROOT; };
		800B3BEE581D0FE8185ABEE1 /* FileTree.swift */ = {isa = PBXFileReference; lastKnownFileType = sourcecode.swift; path = FileTree.swift; sourceTree = "<group>"; };
		8153CA939F7EA1C538726203 /* SettingsView.swift */ = {isa = PBXFileReference; lastKnownFileType = sourcecode.swift; path = SettingsView.swift; sourceTree = "<group>"; };
		862C497DDA041A73F78FEA04 /* Models.swift */ = {isa = PBXFileReference; lastKnownFileType = sourcecode.swift; path = Models.swift; sourceTree = "<group>"; };
		88FE548D65E22CCE9FF8E686 /* PortForward.swift */ = {isa = PBXFileReference; lastKnownFileType = sourcecode.swift; path = PortForward.swift; sourceTree = "<group>"; };
		8B98C4B8B210F38C372B2955 /* Termo.app */ = {isa = PBXFileReference; explicitFileType = wrapper.application; includeInIndex = 0; path = Termo.app; sourceTree = BUILT_PRODUCTS_DIR; };
		8C2B346E9462FFBEA66D9E8F /* SSHSession.swift */ = {isa = PBXFileReference; lastKnownFileType = sourcecode.swift; path = SSHSession.swift; sourceTree = "<group>"; };
		8D459A9141AD020F9822273D /* Localizable.xcstrings */ = {isa = PBXFileReference; lastKnownFileType = text.json.xcstrings; path = Localizable.xcstrings; sourceTree = "<group>"; };
		922A429B171BE608DC237A98 /* FileOps.swift */ = {isa = PBXFileReference; lastKnownFileType = sourcecode.swift; path = FileOps.swift; sourceTree = "<group>"; };
		960BB4F03437160E388C0A01 /* AboutView.swift */ = {isa = PBXFileReference; lastKnownFileType = sourcecode.swift; path = AboutView.swift; sourceTree = "<group>"; };
		9C26B0F2AE3943DEC875BE48 /* Termo-iOS.app */ = {isa = PBXFileReference; includeInIndex = 0; lastKnownFileType = wrapper.application; path = "Termo-iOS.app"; sourceTree = BUILT_PRODUCTS_DIR; };
		9DE0DE66B1418BAB8B1F0F73 /* AppIcon.png */ = {isa = PBXFileReference; lastKnownFileType = image.png; path = AppIcon.png; sourceTree = "<group>"; };
		A1239B55F5573C3CD7FCA137 /* TermoSSHDispatch.c */ = {isa = PBXFileReference; lastKnownFileType = sourcecode.c.c; path = TermoSSHDispatch.c; sourceTree = "<group>"; };
		A1C9C7C264181C1C658F930C /* SyncModels.swift */ = {isa = PBXFileReference; lastKnownFileType = sourcecode.swift; path = SyncModels.swift; sourceTree = "<group>"; };
		A67AE3D18D0C1243CFB8D557 /* font-logos.ttf */ = {isa = PBXFileReference; lastKnownFileType = file; path = "font-logos.ttf"; sourceTree = "<group>"; };
		AE623D081B326C025E0118B3 /* SnippetStore.swift */ = {isa = PBXFileReference; lastKnownFileType = sourcecode.swift; path = SnippetStore.swift; sourceTree = "<group>"; };
		AEF73C91115309B079FAE0A2 /* AppEnv.swift */ = {isa = PBXFileReference; lastKnownFileType = sourcecode.swift; path = AppEnv.swift; sourceTree = "<group>"; };
		B0FF5367FD75FA678A82796A /* SSHTerminalDriver.swift */ = {isa = PBXFileReference; lastKnownFileType = sourcecode.swift; path = SSHTerminalDriver.swift; sourceTree = "<group>"; };
		B5D622C08849A6205DE9113D /* BackgroundCenterView.swift */ = {isa = PBXFileReference; lastKnownFileType = sourcecode.swift; path = BackgroundCenterView.swift; sourceTree = "<group>"; };
		B7FDEA83B50C900461CECE94 /* SnippetRunDialog.swift */ = {isa = PBXFileReference; lastKnownFileType = sourcecode.swift; path = SnippetRunDialog.swift; sourceTree = "<group>"; };
		BB20521E7CB1F97B034FC777 /* TermoApp.swift */ = {isa = PBXFileReference; lastKnownFileType = sourcecode.swift; path = TermoApp.swift; sourceTree = "<group>"; };
		BCEFBDBEDCA1B9A7D7F8DF36 /* Theme.swift */ = {isa = PBXFileReference; lastKnownFileType = sourcecode.swift; path = Theme.swift; sourceTree = "<group>"; };
		BD4781A2CF9579DE21490ED7 /* AppModel.swift */ = {isa = PBXFileReference; lastKnownFileType = sourcecode.swift; path = AppModel.swift; sourceTree = "<group>"; };
		C026D59ED91361778B6B4B83 /* LayoutModel.swift */ = {isa = PBXFileReference; lastKnownFileType = sourcecode.swift; path = LayoutModel.swift; sourceTree = "<group>"; };
		C2E35ACA0AA766379ACA18D9 /* SyncEngine.swift */ = {isa = PBXFileReference; lastKnownFileType = sourcecode.swift; path = SyncEngine.swift; sourceTree = "<group>"; };
		C3B3BC77E7E96CF7E2674E2F /* TrayController.swift */ = {isa = PBXFileReference; lastKnownFileType = sourcecode.swift; path = TrayController.swift; sourceTree = "<group>"; };
		C5222F58405D3CEFB6BD7717 /* Sidebar.swift */ = {isa = PBXFileReference; lastKnownFileType = sourcecode.swift; path = Sidebar.swift; sourceTree = "<group>"; };
		C62CC3928D2886D20B479A59 /* NerdFontIcons.swift */ = {isa = PBXFileReference; lastKnownFileType = sourcecode.swift; path = NerdFontIcons.swift; sourceTree = "<group>"; };
		C703EECD0742870CD6D43856 /* HostKeyVerifier.swift */ = {isa = PBXFileReference; lastKnownFileType = sourcecode.swift; path = HostKeyVerifier.swift; sourceTree = "<group>"; };
		C88E879F74C0907E243220AF /* SyncPanel.swift */ = {isa = PBXFileReference; lastKnownFileType = sourcecode.swift; path = SyncPanel.swift; sourceTree = "<group>"; };
		CCAEBA09CA7689DAA7B7799E /* Termo-Watch.app */ = {isa = PBXFileReference; explicitFileType = wrapper.application; includeInIndex = 0; path = "Termo-Watch.app"; sourceTree = BUILT_PRODUCTS_DIR; };
		D026950CEB9B2C8A1AE92AF6 /* BundleResources.swift */ = {isa = PBXFileReference; lastKnownFileType = sourcecode.swift; path = BundleResources.swift; sourceTree = "<group>"; };
		D0F4CFDE3083C63221444816 /* RightBar.swift */ = {isa = PBXFileReference; lastKnownFileType = sourcecode.swift; path = RightBar.swift; sourceTree = "<group>"; };
		D172F44C6B1D699CB9362786 /* SSHKey.swift */ = {isa = PBXFileReference; lastKnownFileType = sourcecode.swift; path = SSHKey.swift; sourceTree = "<group>"; };
		D5336686AD7D595B6A0F188A /* KeySheets.swift */ = {isa = PBXFileReference; lastKnownFileType = sourcecode.swift; path = KeySheets.swift; sourceTree = "<group>"; };
		DC28CA70D6C67E543CB61C94 /* Termo-Bridging-Header.h */ = {isa = PBXFileReference; lastKnownFileType = sourcecode.c.h; path = "Termo-Bridging-Header.h"; sourceTree = "<group>"; };
		DCED3CB381B1EBDA09D6F705 /* HostOverview.swift */ = {isa = PBXFileReference; lastKnownFileType = sourcecode.swift; path = HostOverview.swift; sourceTree = "<group>"; };
		DE23E262C9D525A094244A7B /* SyncCrypto.swift */ = {isa = PBXFileReference; lastKnownFileType = sourcecode.swift; path = SyncCrypto.swift; sourceTree = "<group>"; };
		DF8DC617FA5929DB9BC01D25 /* FileUpload.swift */ = {isa = PBXFileReference; lastKnownFileType = sourcecode.swift; path = FileUpload.swift; sourceTree = "<group>"; };
		E24CAA38E66B6D16CA193D8B /* FileIcons.swift */ = {isa = PBXFileReference; lastKnownFileType = sourcecode.swift; path = FileIcons.swift; sourceTree = "<group>"; };
		E28DE9A45962650A20806BF0 /* SyncStore.swift */ = {isa = PBXFileReference; lastKnownFileType = sourcecode.swift; path = SyncStore.swift; sourceTree = "<group>"; };
		E34CDDD5377B936A4BD7074F /* AppIcon.icns */ = {isa = PBXFileReference; lastKnownFileType = image.icns; path = AppIcon.icns; sourceTree = "<group>"; };
		E3B549B96E762A0F96435705 /* TestConnectionView.swift */ = {isa = PBXFileReference; lastKnownFileType = sourcecode.swift; path = TestConnectionView.swift; sourceTree = "<group>"; };
		E5758B8305160B2F0356D7F6 /* PrivacyPolicyView.swift */ = {isa = PBXFileReference; lastKnownFileType = sourcecode.swift; path = PrivacyPolicyView.swift; sourceTree = "<group>"; };
		E7EC3A802375763DAFCB55EB /* AskPasswordDialog.swift */ = {isa = PBXFileReference; lastKnownFileType = sourcecode.swift; path = AskPasswordDialog.swift; sourceTree = "<group>"; };
		EC2740433D28692622FE7281 /* AppInfo.swift */ = {isa = PBXFileReference; lastKnownFileType = sourcecode.swift; path = AppInfo.swift; sourceTree = "<group>"; };
		ECA592A6DEDAE371DE78D8B2 /* ExecPanels.swift */ = {isa = PBXFileReference; lastKnownFileType = sourcecode.swift; path = ExecPanels.swift; sourceTree = "<group>"; };
		EF1A4E31A396CBDCD57DF2AB /* PortForwardView.swift */ = {isa = PBXFileReference; lastKnownFileType = sourcecode.swift; path = PortForwardView.swift; sourceTree = "<group>"; };
		F38CB670FB02EF6AF5CEBDF9 /* HostKeyDialog.swift */ = {isa = PBXFileReference; lastKnownFileType = sourcecode.swift; path = HostKeyDialog.swift; sourceTree = "<group>"; };
		FA3E0ECD927BE5B8E2E188AF /* Snippet.swift */ = {isa = PBXFileReference; lastKnownFileType = sourcecode.swift; path = Snippet.swift; sourceTree = "<group>"; };
		FD32E564F595878325C284FC /* Security.framework */ = {isa = PBXFileReference; lastKnownFileType = wrapper.framework; name = Security.framework; path = System/Library/Frameworks/Security.framework; sourceTree = SDKROOT; };
		FD39E9CC2091D88B6C63B349 /* FileExtract.swift */ = {isa = PBXFileReference; lastKnownFileType = sourcecode.swift; path = FileExtract.swift; sourceTree = "<group>"; };
/* End PBXFileReference section */

/* Begin PBXFrameworksBuildPhase section */
		A8913E1563242FFFE5835373 /* Frameworks */ = {
			isa = PBXFrameworksBuildPhase;
			buildActionMask = 2147483647;
			files = (
				50A266AC1A12B573BBAA2DF1 /* SwiftTerm in Frameworks */,
				2EE07A6CD3B97876E60F14BE /* Security.framework in Frameworks */,
				F5B3AE3D0DA903464CC16F47 /* CoreFoundation.framework in Frameworks */,
			);
			runOnlyForDeploymentPostprocessing = 0;
		};
		D21548FA7EE0505100C6F6C0 /* Frameworks */ = {
			isa = PBXFrameworksBuildPhase;
			buildActionMask = 2147483647;
			files = (
				D71B3A5AB5732C288E2D1F4E /* TermoCore in Frameworks */,
			);
			runOnlyForDeploymentPostprocessing = 0;
		};
		E2FCA2A816EB4F995E902869 /* Frameworks */ = {
			isa = PBXFrameworksBuildPhase;
			buildActionMask = 2147483647;
			files = (
				45E2AF15536559A48A74A94B /* TermoCore in Frameworks */,
			);
			runOnlyForDeploymentPostprocessing = 0;
		};
/* End PBXFrameworksBuildPhase section */

/* Begin PBXGroup section */
		00E039DECC3B427121451943 /* SSH */ = {
			isa = PBXGroup;
			children = (
				5EF5BC3DCF23006BF2BFD8FF /* Engine */,
				333A99410F1C608823899399 /* AddHostView.swift */,
				E7EC3A802375763DAFCB55EB /* AskPasswordDialog.swift */,
				F38CB670FB02EF6AF5CEBDF9 /* HostKeyDialog.swift */,
				C703EECD0742870CD6D43856 /* HostKeyVerifier.swift */,
				DCED3CB381B1EBDA09D6F705 /* HostOverview.swift */,
				E3B549B96E762A0F96435705 /* TestConnectionView.swift */,
			);
			path = SSH;
			sourceTree = "<group>";
		};
		0818308FAD800F4DE1829F56 /* Companion */ = {
			isa = PBXGroup;
			children = (
				ECA592A6DEDAE371DE78D8B2 /* ExecPanels.swift */,
			);
			path = Companion;
			sourceTree = "<group>";
		};
		1840729531F1BDECC4EBF7CB /* Layout */ = {
			isa = PBXGroup;
			children = (
				D0F4CFDE3083C63221444816 /* RightBar.swift */,
				C5222F58405D3CEFB6BD7717 /* Sidebar.swift */,
				3D2F27F8718F6415C790115F /* SidebarDivider.swift */,
				75740BD11A4036590AF39490 /* TabBar.swift */,
				1626E272150021A09FC31784 /* Workspace.swift */,
			);
			path = Layout;
			sourceTree = "<group>";
		};
		22415D6703FF62F98004FB00 /* System */ = {
			isa = PBXGroup;
			children = (
				A0C34666C9298F66DEA1554C /* Notifications */,
				48F7E8B1530A3B074503DCC3 /* Tray */,
			);
			path = System;
			sourceTree = "<group>";
		};
		26A9B12C19CD7FD3F3D4DDDD /* Icons */ = {
			isa = PBXGroup;
			children = (
				E24CAA38E66B6D16CA193D8B /* FileIcons.swift */,
				C62CC3928D2886D20B479A59 /* NerdFontIcons.swift */,
				09193A7184944CAF7E27F8D3 /* OSLogo.swift */,
			);
			path = Icons;
			sourceTree = "<group>";
		};
		277DA8CB571C24CD16C8E162 /* Components */ = {
			isa = PBXGroup;
			children = (
				B5D622C08849A6205DE9113D /* BackgroundCenterView.swift */,
				022AEDEEEA2726ED9937BBC7 /* Components.swift */,
				002943114034A286D5FDC8CF /* TabScrollView.swift */,
				6A4DA8CC82A64EB068CBD823 /* Tooltip.swift */,
			);
			path = Components;
			sourceTree = "<group>";
		};
		3AFCB9F440EDEFFCA68ABE58 /* Persistence */ = {
			isa = PBXGroup;
			children = (
				650DB60AA2A221003E5EAA5A /* KeyStore.swift */,
				1C321CE8CC691865AB47896F /* Persistence.swift */,
				AE623D081B326C025E0118B3 /* SnippetStore.swift */,
			);
			path = Persistence;
			sourceTree = "<group>";
		};
		3B866DF4D98485435B5439E5 /* Bridge */ = {
			isa = PBXGroup;
			children = (
				DC28CA70D6C67E543CB61C94 /* Termo-Bridging-Header.h */,
			);
			path = Bridge;
			sourceTree = "<group>";
		};
		4190E5EA6F18D8CAA930F8A0 /* Core */ = {
			isa = PBXGroup;
			children = (
				E32C0139BE8918DED91D1077 /* Models */,
				3AFCB9F440EDEFFCA68ABE58 /* Persistence */,
				9F04E2BD85246322DB59C609 /* State */,
				A39C21FD7740454A640C2CF5 /* Workspace */,
				EC2740433D28692622FE7281 /* AppInfo.swift */,
			);
			path = Core;
			sourceTree = "<group>";
		};
		48F7E8B1530A3B074503DCC3 /* Tray */ = {
			isa = PBXGroup;
			children = (
				C3B3BC77E7E96CF7E2674E2F /* TrayController.swift */,
			);
			path = Tray;
			sourceTree = "<group>";
		};
		4A809E18A98772487283A586 /* Theme */ = {
			isa = PBXGroup;
			children = (
				BCEFBDBEDCA1B9A7D7F8DF36 /* Theme.swift */,
			);
			path = Theme;
			sourceTree = "<group>";
		};
		4B9B7AE8C1DC4264751B5167 /* Settings */ = {
			isa = PBXGroup;
			children = (
				960BB4F03437160E388C0A01 /* AboutView.swift */,
				E5758B8305160B2F0356D7F6 /* PrivacyPolicyView.swift */,
				8153CA939F7EA1C538726203 /* SettingsView.swift */,
			);
			path = Settings;
			sourceTree = "<group>";
		};
		5B38EFEB8B5D0609B30FBC43 /* UI */ = {
			isa = PBXGroup;
			children = (
				277DA8CB571C24CD16C8E162 /* Components */,
				26A9B12C19CD7FD3F3D4DDDD /* Icons */,
				1840729531F1BDECC4EBF7CB /* Layout */,
				4A809E18A98772487283A586 /* Theme */,
			);
			path = UI;
			sourceTree = "<group>";
		};
		5EF5BC3DCF23006BF2BFD8FF /* Engine */ = {
			isa = PBXGroup;
			children = (
				8C2B346E9462FFBEA66D9E8F /* SSHSession.swift */,
				172B7815060BD98DE4B52BAD /* SSHSessionPool.swift */,
				28F358AF868EFC403DE5E8F5 /* TermoRusshCore.h */,
				2AEE9BE384D7D3E41A645BFD /* TermoSSHCore.h */,
				A1239B55F5573C3CD7FCA137 /* TermoSSHDispatch.c */,
			);
			path = Engine;
			sourceTree = "<group>";
		};
		5FB7D69EFD3FED87B15708D7 /* Termo-Watch */ = {
			isa = PBXGroup;
			children = (
				2495EE901DC0389FB62BC30A /* TermoWatchApp.swift */,
			);
			path = "Termo-Watch";
			sourceTree = "<group>";
		};
		652D651E8A66215F80D6D42C /* Sync */ = {
			isa = PBXGroup;
			children = (
				DE23E262C9D525A094244A7B /* SyncCrypto.swift */,
				C2E35ACA0AA766379ACA18D9 /* SyncEngine.swift */,
				0A9624A842CEA091C1638BE8 /* SyncModel.swift */,
				A1C9C7C264181C1C658F930C /* SyncModels.swift */,
				C88E879F74C0907E243220AF /* SyncPanel.swift */,
				E28DE9A45962650A20806BF0 /* SyncStore.swift */,
				7197CFB2ABD4958688C7F12B /* WebDAVClient.swift */,
			);
			path = Sync;
			sourceTree = "<group>";
		};
		6C09FB217A4AA1ED8AA795C5 /* Snippets */ = {
			isa = PBXGroup;
			children = (
				B7FDEA83B50C900461CECE94 /* SnippetRunDialog.swift */,
				40EBEA7EA273FB2B1C459A5B /* SnippetSheets.swift */,
				7075C12BC3153FDBECAE6CDD /* SnippetsPanel.swift */,
			);
			path = Snippets;
			sourceTree = "<group>";
		};
		6DA9F55B9DD65CB51199DD53 /* PortForward */ = {
			isa = PBXGroup;
			children = (
				88FE548D65E22CCE9FF8E686 /* PortForward.swift */,
				EF1A4E31A396CBDCD57DF2AB /* PortForwardView.swift */,
			);
			path = PortForward;
			sourceTree = "<group>";
		};
		713185579EA6849360671971 /* Features */ = {
			isa = PBXGroup;
			children = (
				0818308FAD800F4DE1829F56 /* Companion */,
				72438338F9A6C303CCAF3E6A /* File */,
				C0314B4F5AD73CBBD4B0DA31 /* Keys */,
				6DA9F55B9DD65CB51199DD53 /* PortForward */,
				4B9B7AE8C1DC4264751B5167 /* Settings */,
				6C09FB217A4AA1ED8AA795C5 /* Snippets */,
				00E039DECC3B427121451943 /* SSH */,
				652D651E8A66215F80D6D42C /* Sync */,
				BF6A62117558C42285A364C4 /* Terminal */,
			);
			path = Features;
			sourceTree = "<group>";
		};
		72438338F9A6C303CCAF3E6A /* File */ = {
			isa = PBXGroup;
			children = (
				3CD647B69FEE9C928419CC9A /* FileBrowser.swift */,
				FD39E9CC2091D88B6C63B349 /* FileExtract.swift */,
				00D690BC4B87701F1703B64F /* FileOpDialogs.swift */,
				922A429B171BE608DC237A98 /* FileOps.swift */,
				800B3BEE581D0FE8185ABEE1 /* FileTree.swift */,
				DF8DC617FA5929DB9BC01D25 /* FileUpload.swift */,
				248097FC2A8FBA83A9E42874 /* RemoteFS.swift */,
				40368D0C3B6906325B722EE0 /* SFTPClient.swift */,
			);
			path = File;
			sourceTree = "<group>";
		};
		73A71940EFCC3B417839098F /* Products */ = {
			isa = PBXGroup;
			children = (
				9C26B0F2AE3943DEC875BE48 /* Termo-iOS.app */,
				CCAEBA09CA7689DAA7B7799E /* Termo-Watch.app */,
				8B98C4B8B210F38C372B2955 /* Termo.app */,
			);
			name = Products;
			sourceTree = "<group>";
		};
		91768751B60C284D658624EB /* Resources */ = {
			isa = PBXGroup;
			children = (
				E34CDDD5377B936A4BD7074F /* AppIcon.icns */,
				9DE0DE66B1418BAB8B1F0F73 /* AppIcon.png */,
				2CAFBC8380A693E6ED2162D0 /* Assets.xcassets */,
				A67AE3D18D0C1243CFB8D557 /* font-logos.ttf */,
			);
			path = Resources;
			sourceTree = "<group>";
		};
		9F04E2BD85246322DB59C609 /* State */ = {
			isa = PBXGroup;
			children = (
				7024DA152ABF9F72C989A474 /* BackgroundActivity.swift */,
				643CD14D9A1343A9CBEB6A5E /* HostMonitor.swift */,
				C026D59ED91361778B6B4B83 /* LayoutModel.swift */,
			);
			path = State;
			sourceTree = "<group>";
		};
		A0C34666C9298F66DEA1554C /* Notifications */ = {
			isa = PBXGroup;
			children = (
				45C201B4ACC5CB6B8514EAEC /* Notifier.swift */,
			);
			path = Notifications;
			sourceTree = "<group>";
		};
		A39C21FD7740454A640C2CF5 /* Workspace */ = {
			isa = PBXGroup;
			children = (
				6FDA3935AE9F0BBE6372D2C1 /* TabsModel.swift */,
			);
			path = Workspace;
			sourceTree = "<group>";
		};
		A9BD7F3AC3F534283F579FDC /* Frameworks */ = {
			isa = PBXGroup;
			children = (
				7F11BB7AEF9BDB198C9803A9 /* CoreFoundation.framework */,
				FD32E564F595878325C284FC /* Security.framework */,
			);
			name = Frameworks;
			sourceTree = "<group>";
		};
		BACE1B016C10D943441DCD8E = {
			isa = PBXGroup;
			children = (
				C72CB9A3BA0750C8BDADEC89 /* iOS */,
				E84A2EC1481BCF349828A73C /* Packages */,
				CE438AB157F6FDDB37A841B9 /* Termo */,
				ECD883E36E6CCD7784992EB2 /* Watch */,
				A9BD7F3AC3F534283F579FDC /* Frameworks */,
				73A71940EFCC3B417839098F /* Products */,
			);
			sourceTree = "<group>";
		};
		BF6A62117558C42285A364C4 /* Terminal */ = {
			isa = PBXGroup;
			children = (
				B0FF5367FD75FA678A82796A /* SSHTerminalDriver.swift */,
				507FF5447F03353EF481A8B0 /* TerminalSurface.swift */,
			);
			path = Terminal;
			sourceTree = "<group>";
		};
		C0314B4F5AD73CBBD4B0DA31 /* Keys */ = {
			isa = PBXGroup;
			children = (
				D5336686AD7D595B6A0F188A /* KeySheets.swift */,
				1983EEAC0FFD7F2C8003C88B /* KeysPanel.swift */,
				0BB120BE0A8466FDD6051FDD /* KeyTools.swift */,
			);
			path = Keys;
			sourceTree = "<group>";
		};
		C72CB9A3BA0750C8BDADEC89 /* iOS */ = {
			isa = PBXGroup;
			children = (
				DCF382133E4DE7DD004638FB /* Termo-iOS */,
			);
			path = iOS;
			sourceTree = "<group>";
		};
		CE438AB157F6FDDB37A841B9 /* Termo */ = {
			isa = PBXGroup;
			children = (
				F5F0912EECE7F6631F40B2E6 /* App */,
				3B866DF4D98485435B5439E5 /* Bridge */,
				4190E5EA6F18D8CAA930F8A0 /* Core */,
				713185579EA6849360671971 /* Features */,
				91768751B60C284D658624EB /* Resources */,
				22415D6703FF62F98004FB00 /* System */,
				5B38EFEB8B5D0609B30FBC43 /* UI */,
				8D459A9141AD020F9822273D /* Localizable.xcstrings */,
			);
			path = Termo;
			sourceTree = "<group>";
		};
		DCF382133E4DE7DD004638FB /* Termo-iOS */ = {
			isa = PBXGroup;
			children = (
				141656DAD408F8616E5DA27F /* TermoIOSApp.swift */,
			);
			path = "Termo-iOS";
			sourceTree = "<group>";
		};
		E32C0139BE8918DED91D1077 /* Models */ = {
			isa = PBXGroup;
			children = (
				AEF73C91115309B079FAE0A2 /* AppEnv.swift */,
				501545F29B4E1519B62B1BC7 /* HostDraft.swift */,
				862C497DDA041A73F78FEA04 /* Models.swift */,
				FA3E0ECD927BE5B8E2E188AF /* Snippet.swift */,
				D172F44C6B1D699CB9362786 /* SSHKey.swift */,
			);
			path = Models;
			sourceTree = "<group>";
		};
		E84A2EC1481BCF349828A73C /* Packages */ = {
			isa = PBXGroup;
			children = (
				0972F9D146D84483F7A39E3D /* TermoCore */,
			);
			name = Packages;
			sourceTree = "<group>";
		};
		ECD883E36E6CCD7784992EB2 /* Watch */ = {
			isa = PBXGroup;
			children = (
				5FB7D69EFD3FED87B15708D7 /* Termo-Watch */,
			);
			path = Watch;
			sourceTree = "<group>";
		};
		F5F0912EECE7F6631F40B2E6 /* App */ = {
			isa = PBXGroup;
			children = (
				BD4781A2CF9579DE21490ED7 /* AppModel.swift */,
				708441330F807778E77B2B88 /* AppSettings.swift */,
				D026950CEB9B2C8A1AE92AF6 /* BundleResources.swift */,
				BB20521E7CB1F97B034FC777 /* TermoApp.swift */,
			);
			path = App;
			sourceTree = "<group>";
		};
/* End PBXGroup section */

/* Begin PBXNativeTarget section */
		0A48118B32F1155789C7FB0A /* Termo-iOS */ = {
			isa = PBXNativeTarget;
			buildConfigurationList = B38F0668C8E5D51169EB9F10 /* Build configuration list for PBXNativeTarget "Termo-iOS" */;
			buildPhases = (
				2FF40774B315C4A76D59E0B2 /* Sources */,
				E2FCA2A816EB4F995E902869 /* Frameworks */,
			);
			buildRules = (
			);
			dependencies = (
			);
			name = "Termo-iOS";
			packageProductDependencies = (
				6B0B341D52D906722944780E /* TermoCore */,
			);
			productName = "Termo-iOS";
			productReference = 9C26B0F2AE3943DEC875BE48 /* Termo-iOS.app */;
			productType = "com.apple.product-type.application";
		};
		3827CF9BD8686ACED0D922E6 /* Termo-Watch */ = {
			isa = PBXNativeTarget;
			buildConfigurationList = 0CB62FB915759507E4BDBA3B /* Build configuration list for PBXNativeTarget "Termo-Watch" */;
			buildPhases = (
				7FB4318033E532C64EA80DFA /* Sources */,
				D21548FA7EE0505100C6F6C0 /* Frameworks */,
			);
			buildRules = (
			);
			dependencies = (
			);
			name = "Termo-Watch";
			packageProductDependencies = (
				29B716FC3EC01F73653D4A43 /* TermoCore */,
			);
			productName = "Termo-Watch";
			productReference = CCAEBA09CA7689DAA7B7799E /* Termo-Watch.app */;
			productType = "com.apple.product-type.application";
		};
		C30F527531995F0E3B3DFE49 /* Termo */ = {
			isa = PBXNativeTarget;
			buildConfigurationList = 6D67467588D7309322003925 /* Build configuration list for PBXNativeTarget "Termo" */;
			buildPhases = (
				A7E93D2E3703EDBB09756FE8 /* Build Rust SSH static library */,
				59222020EEE4F93E0902B6FE /* Sources */,
				DE7CE6257800D3E8042EA1AD /* Resources */,
				A8913E1563242FFFE5835373 /* Frameworks */,
			);
			buildRules = (
			);
			dependencies = (
			);
			name = Termo;
			packageProductDependencies = (
				9AFD70D7F0CA6271D43F4764 /* SwiftTerm */,
			);
			productName = Termo;
			productReference = 8B98C4B8B210F38C372B2955 /* Termo.app */;
			productType = "com.apple.product-type.application";
		};
/* End PBXNativeTarget section */

/* Begin PBXProject section */
		C0DEF0E23DD91FD59440ED00 /* Project object */ = {
			isa = PBXProject;
			attributes = {
				BuildIndependentTargetsInParallel = YES;
				LastUpgradeCheck = 1430;
				TargetAttributes = {
					0A48118B32F1155789C7FB0A = {
						DevelopmentTeam = KTP97H9YFF;
						ProvisioningStyle = Automatic;
					};
					3827CF9BD8686ACED0D922E6 = {
						DevelopmentTeam = KTP97H9YFF;
						ProvisioningStyle = Automatic;
					};
					C30F527531995F0E3B3DFE49 = {
						DevelopmentTeam = KTP97H9YFF;
						ProvisioningStyle = Automatic;
					};
				};
			};
			buildConfigurationList = 4140589C6F02BC5DA46E5CDC /* Build configuration list for PBXProject "Termo" */;
			developmentRegion = "zh-Hans";
			hasScannedForEncodings = 0;
			knownRegions = (
				Base,
				en,
				"zh-Hans",
			);
			mainGroup = BACE1B016C10D943441DCD8E;
			minimizedProjectReferenceProxies = 1;
			packageReferences = (
				24FC386F270D786934C82453 /* XCRemoteSwiftPackageReference "SwiftTerm" */,
				5F40513BC93BFAD017093EF7 /* XCLocalSwiftPackageReference "TermoCore" */,
			);
			preferredProjectObjectVersion = 77;
			productRefGroup = 73A71940EFCC3B417839098F /* Products */;
			projectDirPath = "";
			projectRoot = "";
			targets = (
				C30F527531995F0E3B3DFE49 /* Termo */,
				0A48118B32F1155789C7FB0A /* Termo-iOS */,
				3827CF9BD8686ACED0D922E6 /* Termo-Watch */,
			);
		};
/* End PBXProject section */

/* Begin PBXResourcesBuildPhase section */
		DE7CE6257800D3E8042EA1AD /* Resources */ = {
			isa = PBXResourcesBuildPhase;
			buildActionMask = 2147483647;
			files = (
				AAD4CE9760CC10DF42EB32D4 /* AppIcon.icns in Resources */,
				0251C3B2EF5272EE6B9A789E /* AppIcon.png in Resources */,
				3801418ADE5720C9809D4098 /* Assets.xcassets in Resources */,
				2C412D1F27CD00001B207337 /* Localizable.xcstrings in Resources */,
				ABD40C5DF3AF425FC848A08B /* font-logos.ttf in Resources */,
			);
			runOnlyForDeploymentPostprocessing = 0;
		};
/* End PBXResourcesBuildPhase section */

/* Begin PBXShellScriptBuildPhase section */
		A7E93D2E3703EDBB09756FE8 /* Build Rust SSH static library */ = {
			isa = PBXShellScriptBuildPhase;
			alwaysOutOfDate = 1;
			buildActionMask = 2147483647;
			files = (
			);
			inputFileListPaths = (
			);
			inputPaths = (
			);
			name = "Build Rust SSH static library";
			outputFileListPaths = (
			);
			outputPaths = (
			);
			runOnlyForDeploymentPostprocessing = 0;
			shellPath = /bin/sh;
			shellScript = "set -e\nexport PATH=\"/opt/homebrew/bin:/usr/local/bin:$PATH\"   # Xcode 脚本环境默认不含 Homebrew\n\"$SRCROOT/scripts/build-russh.sh\"\n";
		};
/* End PBXShellScriptBuildPhase section */

/* Begin PBXSourcesBuildPhase section */
		2FF40774B315C4A76D59E0B2 /* Sources */ = {
			isa = PBXSourcesBuildPhase;
			buildActionMask = 2147483647;
			files = (
				416C5F24605314F61E0FE971 /* TermoIOSApp.swift in Sources */,
			);
			runOnlyForDeploymentPostprocessing = 0;
		};
		59222020EEE4F93E0902B6FE /* Sources */ = {
			isa = PBXSourcesBuildPhase;
			buildActionMask = 2147483647;
			files = (
				16D136F3D24B59CA45769116 /* AboutView.swift in Sources */,
				766D139DE85662003CB933E0 /* AddHostView.swift in Sources */,
				1317AC84BBA66472850E1FA0 /* AppEnv.swift in Sources */,
				49ED9F3C1FB4A57E5C40A2D5 /* AppInfo.swift in Sources */,
				425BC5173D1D386193DF0FF2 /* AppModel.swift in Sources */,
				E101FB071C357D1A3E0D3B36 /* AppSettings.swift in Sources */,
				5A98EB5B5D35F85E9D0876B6 /* AskPasswordDialog.swift in Sources */,
				F8EE9711E450E3D8C106045C /* BackgroundActivity.swift in Sources */,
				FE471C6B3046358BF4827EA1 /* BackgroundCenterView.swift in Sources */,
				3239FF73BCD4D44A485CC1F9 /* BundleResources.swift in Sources */,
				B239A88ECF733A6D9281BB9A /* Components.swift in Sources */,
				523376E8B7B15E65028AD2B5 /* ExecPanels.swift in Sources */,
				0F66A021071A0C65CCF4B324 /* FileBrowser.swift in Sources */,
				AB040BAAE224C9A3DC34AC2A /* FileExtract.swift in Sources */,
				275AC8E86EC97CCE744A5AE1 /* FileIcons.swift in Sources */,
				C06F062E9806D2919BBAF1D1 /* FileOpDialogs.swift in Sources */,
				6D65B9002212F04C1E6EA881 /* FileOps.swift in Sources */,
				8EDFD4A742997CCB799687E5 /* FileTree.swift in Sources */,
				6AAC029451BD56E296343D6F /* FileUpload.swift in Sources */,
				B7FBDA0D3EA60CC50BB62DC5 /* HostDraft.swift in Sources */,
				D4E1BB5C63DB0D8B5D3C4AA7 /* HostKeyDialog.swift in Sources */,
				E6BFAC96BEDB66DBA492C523 /* HostKeyVerifier.swift in Sources */,
				9946E781B1E37438F0E31352 /* HostMonitor.swift in Sources */,
				02FCF144BE815CB1427D5C6D /* HostOverview.swift in Sources */,
				6B0558540093B6422EBFB23A /* KeySheets.swift in Sources */,
				E82806E27A86F286792F164A /* KeyStore.swift in Sources */,
				7715578FC742A02AA06A2A93 /* KeyTools.swift in Sources */,
				54ED47672872B75CE5DB286F /* KeysPanel.swift in Sources */,
				3CB26182AE9092AB27045790 /* LayoutModel.swift in Sources */,
				D1246FC441226EB86256B996 /* Models.swift in Sources */,
				0405FB6989ADD59280F4C50B /* NerdFontIcons.swift in Sources */,
				6C6B11DD0113F6AB39E48742 /* Notifier.swift in Sources */,
				B01DA0D4E8AD4CB41D738701 /* OSLogo.swift in Sources */,
				DC82E921312D10CFF921F97B /* Persistence.swift in Sources */,
				563B0D4BCEE69D24F6157952 /* PortForward.swift in Sources */,
				9EBF1625176E56AEFCEDB5A0 /* PortForwardView.swift in Sources */,
				66D1D025912F7FCDB04ABC96 /* PrivacyPolicyView.swift in Sources */,
				CCCE7023A8BF9DF0D12F5A1C /* RemoteFS.swift in Sources */,
				A5F083481C1216AFE8FCB3F4 /* RightBar.swift in Sources */,
				4E8BB08836DC765A3793C7BB /* SFTPClient.swift in Sources */,
				91CE14BF1033D9A165E19E08 /* SSHKey.swift in Sources */,
				9A8317CC83A8962133251EE9 /* SSHSession.swift in Sources */,
				DE283A4EBA547661A5B5F5D0 /* SSHSessionPool.swift in Sources */,
				96D521A2A56367A415A467F1 /* SSHTerminalDriver.swift in Sources */,
				5006CD805681677B0CF1953B /* SettingsView.swift in Sources */,
				FB99BAEE2ED4F30731A47A0F /* Sidebar.swift in Sources */,
				0677DAF91BE14EB43D261021 /* SidebarDivider.swift in Sources */,
				9F5F0EFF7D091F163C1AE5E3 /* Snippet.swift in Sources */,
				CA9C859BF5D74AAAD27A97FE /* SnippetRunDialog.swift in Sources */,
				70FA2DCB716702418F3625EE /* SnippetSheets.swift in Sources */,
				BCE58AD69E37A05D9EFA8349 /* SnippetStore.swift in Sources */,
				9E90B83D1DF39F54A3E660FC /* SnippetsPanel.swift in Sources */,
				8E3B08A126CAA5DE8124C315 /* SyncCrypto.swift in Sources */,
				60A0513DBD27B3CDD6F4553C /* SyncEngine.swift in Sources */,
				FAEBE075C86A63410120BE4D /* SyncModel.swift in Sources */,
				984E277E8D447E2645434ACB /* SyncModels.swift in Sources */,
				8F7C594C7C052F6512B65A8A /* SyncPanel.swift in Sources */,
				CC10B486D148FA2A022970A9 /* SyncStore.swift in Sources */,
				B3ABCC2C2D678CE2E3B4F20D /* TabBar.swift in Sources */,
				676AA5CF6C60708F710B1EA1 /* TabScrollView.swift in Sources */,
				12692E67AF93F18760DBDDE0 /* TabsModel.swift in Sources */,
				82564CB03E98959D9890E2AF /* TerminalSurface.swift in Sources */,
				1FAFCA582661FF50BE800F7C /* TermoApp.swift in Sources */,
				AEF5C9FED582E0E87C101FE8 /* TermoSSHDispatch.c in Sources */,
				DD247A59BA9C0A9B8F8DECE0 /* TestConnectionView.swift in Sources */,
				D64FA808A8F41212E30BD758 /* Theme.swift in Sources */,
				791DFE9DEAD1061E2296BB15 /* Tooltip.swift in Sources */,
				6CE4E5281B4CD553A51A8BA9 /* TrayController.swift in Sources */,
				405C1999CC835E019FA8D087 /* WebDAVClient.swift in Sources */,
				E2EECA718684D03CF8345249 /* Workspace.swift in Sources */,
			);
			runOnlyForDeploymentPostprocessing = 0;
		};
		7FB4318033E532C64EA80DFA /* Sources */ = {
			isa = PBXSourcesBuildPhase;
			buildActionMask = 2147483647;
			files = (
				7F4405939A794AB6E3D1C1F9 /* TermoWatchApp.swift in Sources */,
			);
			runOnlyForDeploymentPostprocessing = 0;
		};
/* End PBXSourcesBuildPhase section */

/* Begin XCBuildConfiguration section */
		0099A2BEA9AD4DA65481688F /* Release */ = {
			isa = XCBuildConfiguration;
			buildSettings = {
				ALWAYS_SEARCH_USER_PATHS = NO;
				ARCHS = arm64;
				CLANG_ANALYZER_NONNULL = YES;
				CLANG_ANALYZER_NUMBER_OBJECT_CONVERSION = YES_AGGRESSIVE;
				CLANG_CXX_LANGUAGE_STANDARD = "gnu++14";
				CLANG_CXX_LIBRARY = "libc++";
				CLANG_ENABLE_MODULES = YES;
				CLANG_ENABLE_OBJC_ARC = YES;
				CLANG_ENABLE_OBJC_WEAK = YES;
				CLANG_WARN_BLOCK_CAPTURE_AUTORELEASING = YES;
				CLANG_WARN_BOOL_CONVERSION = YES;
				CLANG_WARN_COMMA = YES;
				CLANG_WARN_CONSTANT_CONVERSION = YES;
				CLANG_WARN_DEPRECATED_OBJC_IMPLEMENTATIONS = YES;
				CLANG_WARN_DIRECT_OBJC_ISA_USAGE = YES_ERROR;
				CLANG_WARN_DOCUMENTATION_COMMENTS = YES;
				CLANG_WARN_EMPTY_BODY = YES;
				CLANG_WARN_ENUM_CONVERSION = YES;
				CLANG_WARN_INFINITE_RECURSION = YES;
				CLANG_WARN_INT_CONVERSION = YES;
				CLANG_WARN_NON_LITERAL_NULL_CONVERSION = YES;
				CLANG_WARN_OBJC_IMPLICIT_RETAIN_SELF = YES;
				CLANG_WARN_OBJC_LITERAL_CONVERSION = YES;
				CLANG_WARN_OBJC_ROOT_CLASS = YES_ERROR;
				CLANG_WARN_QUOTED_INCLUDE_IN_FRAMEWORK_HEADER = YES;
				CLANG_WARN_RANGE_LOOP_ANALYSIS = YES;
				CLANG_WARN_STRICT_PROTOTYPES = YES;
				CLANG_WARN_SUSPICIOUS_MOVE = YES;
				CLANG_WARN_UNGUARDED_AVAILABILITY = YES_AGGRESSIVE;
				CLANG_WARN_UNREACHABLE_CODE = YES;
				CLANG_WARN__DUPLICATE_METHOD_MATCH = YES;
				CODE_SIGN_ALLOW_ENTITLEMENTS_MODIFICATION = YES;
				CODE_SIGN_STYLE = Automatic;
				COPY_PHASE_STRIP = NO;
				DEAD_CODE_STRIPPING = YES;
				DEBUG_INFORMATION_FORMAT = "dwarf-with-dsym";
				DEVELOPMENT_TEAM = KTP97H9YFF;
				ENABLE_NS_ASSERTIONS = NO;
				ENABLE_STRICT_OBJC_MSGSEND = YES;
				GCC_C_LANGUAGE_STANDARD = gnu11;
				GCC_NO_COMMON_BLOCKS = YES;
				GCC_WARN_64_TO_32_BIT_CONVERSION = YES;
				GCC_WARN_ABOUT_RETURN_TYPE = YES_ERROR;
				GCC_WARN_UNDECLARED_SELECTOR = YES;
				GCC_WARN_UNINITIALIZED_AUTOS = YES_AGGRESSIVE;
				GCC_WARN_UNUSED_FUNCTION = YES;
				GCC_WARN_UNUSED_VARIABLE = YES;
				MACOSX_DEPLOYMENT_TARGET = 14.0;
				MTL_ENABLE_DEBUG_INFO = NO;
				MTL_FAST_MATH = YES;
				PRODUCT_NAME = "$(TARGET_NAME)";
				SWIFT_COMPILATION_MODE = wholemodule;
				SWIFT_EMIT_LOC_STRINGS = YES;
				SWIFT_OPTIMIZATION_LEVEL = "-O";
				SWIFT_VERSION = 5.9;
			};
			name = Release;
		};
		08E744A015E4F2DCBD184DB7 /* DebugMAS */ = {
			isa = XCBuildConfiguration;
			buildSettings = {
				ALWAYS_SEARCH_USER_PATHS = NO;
				ARCHS = arm64;
				CLANG_ANALYZER_NONNULL = YES;
				CLANG_ANALYZER_NUMBER_OBJECT_CONVERSION = YES_AGGRESSIVE;
				CLANG_CXX_LANGUAGE_STANDARD = "gnu++14";
				CLANG_CXX_LIBRARY = "libc++";
				CLANG_ENABLE_MODULES = YES;
				CLANG_ENABLE_OBJC_ARC = YES;
				CLANG_ENABLE_OBJC_WEAK = YES;
				CLANG_WARN_BLOCK_CAPTURE_AUTORELEASING = YES;
				CLANG_WARN_BOOL_CONVERSION = YES;
				CLANG_WARN_COMMA = YES;
				CLANG_WARN_CONSTANT_CONVERSION = YES;
				CLANG_WARN_DEPRECATED_OBJC_IMPLEMENTATIONS = YES;
				CLANG_WARN_DIRECT_OBJC_ISA_USAGE = YES_ERROR;
				CLANG_WARN_DOCUMENTATION_COMMENTS = YES;
				CLANG_WARN_EMPTY_BODY = YES;
				CLANG_WARN_ENUM_CONVERSION = YES;
				CLANG_WARN_INFINITE_RECURSION = YES;
				CLANG_WARN_INT_CONVERSION = YES;
				CLANG_WARN_NON_LITERAL_NULL_CONVERSION = YES;
				CLANG_WARN_OBJC_IMPLICIT_RETAIN_SELF = YES;
				CLANG_WARN_OBJC_LITERAL_CONVERSION = YES;
				CLANG_WARN_OBJC_ROOT_CLASS = YES_ERROR;
				CLANG_WARN_QUOTED_INCLUDE_IN_FRAMEWORK_HEADER = YES;
				CLANG_WARN_RANGE_LOOP_ANALYSIS = YES;
				CLANG_WARN_STRICT_PROTOTYPES = YES;
				CLANG_WARN_SUSPICIOUS_MOVE = YES;
				CLANG_WARN_UNGUARDED_AVAILABILITY = YES_AGGRESSIVE;
				CLANG_WARN_UNREACHABLE_CODE = YES;
				CLANG_WARN__DUPLICATE_METHOD_MATCH = YES;
				CODE_SIGN_ALLOW_ENTITLEMENTS_MODIFICATION = YES;
				CODE_SIGN_STYLE = Automatic;
				COPY_PHASE_STRIP = NO;
				DEAD_CODE_STRIPPING = YES;
				DEBUG_INFORMATION_FORMAT = dwarf;
				DEVELOPMENT_TEAM = KTP97H9YFF;
				ENABLE_STRICT_OBJC_MSGSEND = YES;
				ENABLE_TESTABILITY = YES;
				GCC_C_LANGUAGE_STANDARD = gnu11;
				GCC_DYNAMIC_NO_PIC = NO;
				GCC_NO_COMMON_BLOCKS = YES;
				GCC_OPTIMIZATION_LEVEL = 0;
				GCC_PREPROCESSOR_DEFINITIONS = (
					"$(inherited)",
					"DEBUG=1",
				);
				GCC_WARN_64_TO_32_BIT_CONVERSION = YES;
				GCC_WARN_ABOUT_RETURN_TYPE = YES_ERROR;
				GCC_WARN_UNDECLARED_SELECTOR = YES;
				GCC_WARN_UNINITIALIZED_AUTOS = YES_AGGRESSIVE;
				GCC_WARN_UNUSED_FUNCTION = YES;
				GCC_WARN_UNUSED_VARIABLE = YES;
				MACOSX_DEPLOYMENT_TARGET = 14.0;
				MTL_ENABLE_DEBUG_INFO = INCLUDE_SOURCE;
				MTL_FAST_MATH = YES;
				ONLY_ACTIVE_ARCH = YES;
				PRODUCT_NAME = "$(TARGET_NAME)";
				SWIFT_ACTIVE_COMPILATION_CONDITIONS = DEBUG;
				SWIFT_EMIT_LOC_STRINGS = YES;
				SWIFT_OPTIMIZATION_LEVEL = "-Onone";
				SWIFT_VERSION = 5.9;
			};
			name = DebugMAS;
		};
		4255831DB232907B9DA1C857 /* ReleaseMAS */ = {
			isa = XCBuildConfiguration;
			buildSettings = {
				ASSETCATALOG_COMPILER_APPICON_NAME = AppIcon;
				CURRENT_PROJECT_VERSION = 1;
				GENERATE_INFOPLIST_FILE = YES;
				MARKETING_VERSION = 1.0;
				PRODUCT_BUNDLE_IDENTIFIER = com.cloudza.termo.watch;
				PRODUCT_NAME = Termo;
				SDKROOT = watchos;
				SKIP_INSTALL = YES;
				SWIFT_VERSION = 5.9;
				TARGETED_DEVICE_FAMILY = 4;
				WATCHOS_DEPLOYMENT_TARGET = 9.0;
			};
			name = ReleaseMAS;
		};
		4737907BF17204385CE4FC98 /* ReleaseMAS */ = {
			isa = XCBuildConfiguration;
			buildSettings = {
				ASSETCATALOG_COMPILER_APPICON_NAME = AppIcon;
				ASSETCATALOG_COMPILER_OPTIMIZATION = space;
				CODE_SIGN_ENTITLEMENTS = "Termo-MAS.entitlements";
				COMBINE_HIDPI_IMAGES = YES;
				ENABLE_HARDENED_RUNTIME = NO;
				GENERATE_INFOPLIST_FILE = NO;
				HEADER_SEARCH_PATHS = (
					"$(SRCROOT)/Termo/Features/SSH/Engine",
				);
				INFOPLIST_FILE = Termo/Info.plist;
				LD_RUNPATH_SEARCH_PATHS = (
					"$(inherited)",
					"@executable_path/../Frameworks",
				);
				LIBRARY_SEARCH_PATHS = (
					"$(SRCROOT)/Build/russh/aarch64-apple-darwin",
				);
				MACOSX_DEPLOYMENT_TARGET = 14.0;
				OTHER_LDFLAGS = (
					"-ltermo_ssh",
					"-liconv",
				);
				PRODUCT_BUNDLE_IDENTIFIER = com.cloudza.termo;
				PRODUCT_NAME = Termo;
				SDKROOT = macosx;
				SWIFT_ACTIVE_COMPILATION_CONDITIONS = TERMO_MAS;
				SWIFT_OBJC_BRIDGING_HEADER = "Termo/Bridge/Termo-Bridging-Header.h";
				SWIFT_OPTIMIZATION_LEVEL = "-Osize";
			};
			name = ReleaseMAS;
		};
		6600859A1430C7945B4635D8 /* Release */ = {
			isa = XCBuildConfiguration;
			buildSettings = {
				ASSETCATALOG_COMPILER_APPICON_NAME = AppIcon;
				CURRENT_PROJECT_VERSION = 1;
				GENERATE_INFOPLIST_FILE = YES;
				MARKETING_VERSION = 1.0;
				PRODUCT_BUNDLE_IDENTIFIER = com.cloudza.termo.watch;
				PRODUCT_NAME = Termo;
				SDKROOT = watchos;
				SKIP_INSTALL = YES;
				SWIFT_VERSION = 5.9;
				TARGETED_DEVICE_FAMILY = 4;
				WATCHOS_DEPLOYMENT_TARGET = 9.0;
			};
			name = Release;
		};
		68617F7FA2F240908BD1F960 /* DebugMAS */ = {
			isa = XCBuildConfiguration;
			buildSettings = {
				ASSETCATALOG_COMPILER_APPICON_NAME = AppIcon;
				CODE_SIGN_ENTITLEMENTS = "Termo-MAS.entitlements";
				COMBINE_HIDPI_IMAGES = YES;
				ENABLE_HARDENED_RUNTIME = NO;
				GENERATE_INFOPLIST_FILE = NO;
				HEADER_SEARCH_PATHS = (
					"$(SRCROOT)/Termo/Features/SSH/Engine",
				);
				INFOPLIST_FILE = Termo/Info.plist;
				LD_RUNPATH_SEARCH_PATHS = (
					"$(inherited)",
					"@executable_path/../Frameworks",
				);
				LIBRARY_SEARCH_PATHS = (
					"$(SRCROOT)/Build/russh/aarch64-apple-darwin",
				);
				MACOSX_DEPLOYMENT_TARGET = 14.0;
				OTHER_LDFLAGS = (
					"-ltermo_ssh",
					"-liconv",
				);
				PRODUCT_BUNDLE_IDENTIFIER = com.cloudza.termo;
				PRODUCT_NAME = Termo;
				SDKROOT = macosx;
				SWIFT_ACTIVE_COMPILATION_CONDITIONS = "DEBUG TERMO_MAS";
				SWIFT_OBJC_BRIDGING_HEADER = "Termo/Bridge/Termo-Bridging-Header.h";
			};
			name = DebugMAS;
		};
		6DF78356B434F050FC7EA7BA /* ReleaseMAS */ = {
			isa = XCBuildConfiguration;
			buildSettings = {
				ASSETCATALOG_COMPILER_APPICON_NAME = AppIcon;
				CODE_SIGN_IDENTITY = "iPhone Developer";
				CURRENT_PROJECT_VERSION = 1;
				GENERATE_INFOPLIST_FILE = YES;
				IPHONEOS_DEPLOYMENT_TARGET = 16.0;
				LD_RUNPATH_SEARCH_PATHS = (
					"$(inherited)",
					"@executable_path/Frameworks",
				);
				MARKETING_VERSION = 1.0;
				PRODUCT_BUNDLE_IDENTIFIER = com.cloudza.termo.ios;
				PRODUCT_NAME = Termo;
				SDKROOT = iphoneos;
				SWIFT_VERSION = 5.9;
				TARGETED_DEVICE_FAMILY = "1,2";
			};
			name = ReleaseMAS;
		};
		787178CD72E035BED5388D6D /* Debug */ = {
			isa = XCBuildConfiguration;
			buildSettings = {
				ASSETCATALOG_COMPILER_APPICON_NAME = AppIcon;
				CURRENT_PROJECT_VERSION = 1;
				GENERATE_INFOPLIST_FILE = YES;
				MARKETING_VERSION = 1.0;
				PRODUCT_BUNDLE_IDENTIFIER = com.cloudza.termo.watch;
				PRODUCT_NAME = Termo;
				SDKROOT = watchos;
				SKIP_INSTALL = YES;
				SWIFT_VERSION = 5.9;
				TARGETED_DEVICE_FAMILY = 4;
				WATCHOS_DEPLOYMENT_TARGET = 9.0;
			};
			name = Debug;
		};
		7C45D0C6780B2BEB607B9731 /* Debug */ = {
			isa = XCBuildConfiguration;
			buildSettings = {
				ASSETCATALOG_COMPILER_APPICON_NAME = AppIcon;
				CODE_SIGN_IDENTITY = "iPhone Developer";
				CURRENT_PROJECT_VERSION = 1;
				GENERATE_INFOPLIST_FILE = YES;
				IPHONEOS_DEPLOYMENT_TARGET = 16.0;
				LD_RUNPATH_SEARCH_PATHS = (
					"$(inherited)",
					"@executable_path/Frameworks",
				);
				MARKETING_VERSION = 1.0;
				PRODUCT_BUNDLE_IDENTIFIER = com.cloudza.termo.ios;
				PRODUCT_NAME = Termo;
				SDKROOT = iphoneos;
				SWIFT_VERSION = 5.9;
				TARGETED_DEVICE_FAMILY = "1,2";
			};
			name = Debug;
		};
		92F7E487E56B677442FB84BE /* Debug */ = {
			isa = XCBuildConfiguration;
			buildSettings = {
				ASSETCATALOG_COMPILER_APPICON_NAME = AppIcon;
				CODE_SIGN_ENTITLEMENTS = Termo.entitlements;
				COMBINE_HIDPI_IMAGES = YES;
				ENABLE_HARDENED_RUNTIME = NO;
				GENERATE_INFOPLIST_FILE = NO;
				HEADER_SEARCH_PATHS = (
					"$(SRCROOT)/Termo/Features/SSH/Engine",
				);
				INFOPLIST_FILE = Termo/Info.plist;
				LD_RUNPATH_SEARCH_PATHS = (
					"$(inherited)",
					"@executable_path/../Frameworks",
				);
				LIBRARY_SEARCH_PATHS = (
					"$(SRCROOT)/Build/russh/aarch64-apple-darwin",
				);
				MACOSX_DEPLOYMENT_TARGET = 14.0;
				OTHER_LDFLAGS = (
					"-ltermo_ssh",
					"-liconv",
				);
				PRODUCT_BUNDLE_IDENTIFIER = com.cloudza.termo;
				PRODUCT_NAME = Termo;
				SDKROOT = macosx;
				SWIFT_OBJC_BRIDGING_HEADER = "Termo/Bridge/Termo-Bridging-Header.h";
			};
			name = Debug;
		};
		CB5E7C626AD07B54956EA7D9 /* DebugMAS */ = {
			isa = XCBuildConfiguration;
			buildSettings = {
				ASSETCATALOG_COMPILER_APPICON_NAME = AppIcon;
				CURRENT_PROJECT_VERSION = 1;
				GENERATE_INFOPLIST_FILE = YES;
				MARKETING_VERSION = 1.0;
				PRODUCT_BUNDLE_IDENTIFIER = com.cloudza.termo.watch;
				PRODUCT_NAME = Termo;
				SDKROOT = watchos;
				SKIP_INSTALL = YES;
				SWIFT_VERSION = 5.9;
				TARGETED_DEVICE_FAMILY = 4;
				WATCHOS_DEPLOYMENT_TARGET = 9.0;
			};
			name = DebugMAS;
		};
		CDA89A2683E5576E77F50189 /* Release */ = {
			isa = XCBuildConfiguration;
			buildSettings = {
				ASSETCATALOG_COMPILER_APPICON_NAME = AppIcon;
				ASSETCATALOG_COMPILER_OPTIMIZATION = space;
				CODE_SIGN_ENTITLEMENTS = Termo.entitlements;
				COMBINE_HIDPI_IMAGES = YES;
				ENABLE_HARDENED_RUNTIME = NO;
				GENERATE_INFOPLIST_FILE = NO;
				HEADER_SEARCH_PATHS = (
					"$(SRCROOT)/Termo/Features/SSH/Engine",
				);
				INFOPLIST_FILE = Termo/Info.plist;
				LD_RUNPATH_SEARCH_PATHS = (
					"$(inherited)",
					"@executable_path/../Frameworks",
				);
				LIBRARY_SEARCH_PATHS = (
					"$(SRCROOT)/Build/russh/aarch64-apple-darwin",
				);
				MACOSX_DEPLOYMENT_TARGET = 14.0;
				OTHER_LDFLAGS = (
					"-ltermo_ssh",
					"-liconv",
				);
				PRODUCT_BUNDLE_IDENTIFIER = com.cloudza.termo;
				PRODUCT_NAME = Termo;
				SDKROOT = macosx;
				SWIFT_OBJC_BRIDGING_HEADER = "Termo/Bridge/Termo-Bridging-Header.h";
				SWIFT_OPTIMIZATION_LEVEL = "-Osize";
			};
			name = Release;
		};
		DC14A95CFFD4C54132E33CE8 /* DebugMAS */ = {
			isa = XCBuildConfiguration;
			buildSettings = {
				ASSETCATALOG_COMPILER_APPICON_NAME = AppIcon;
				CODE_SIGN_IDENTITY = "iPhone Developer";
				CURRENT_PROJECT_VERSION = 1;
				GENERATE_INFOPLIST_FILE = YES;
				IPHONEOS_DEPLOYMENT_TARGET = 16.0;
				LD_RUNPATH_SEARCH_PATHS = (
					"$(inherited)",
					"@executable_path/Frameworks",
				);
				MARKETING_VERSION = 1.0;
				PRODUCT_BUNDLE_IDENTIFIER = com.cloudza.termo.ios;
				PRODUCT_NAME = Termo;
				SDKROOT = iphoneos;
				SWIFT_VERSION = 5.9;
				TARGETED_DEVICE_FAMILY = "1,2";
			};
			name = DebugMAS;
		};
		E5E50511A6D48DA90CCD5C9C /* Release */ = {
			isa = XCBuildConfiguration;
			buildSettings = {
				ASSETCATALOG_COMPILER_APPICON_NAME = AppIcon;
				CODE_SIGN_IDENTITY = "iPhone Developer";
				CURRENT_PROJECT_VERSION = 1;
				GENERATE_INFOPLIST_FILE = YES;
				IPHONEOS_DEPLOYMENT_TARGET = 16.0;
				LD_RUNPATH_SEARCH_PATHS = (
					"$(inherited)",
					"@executable_path/Frameworks",
				);
				MARKETING_VERSION = 1.0;
				PRODUCT_BUNDLE_IDENTIFIER = com.cloudza.termo.ios;
				PRODUCT_NAME = Termo;
				SDKROOT = iphoneos;
				SWIFT_VERSION = 5.9;
				TARGETED_DEVICE_FAMILY = "1,2";
			};
			name = Release;
		};
		E92C8E7F07EFE9E626FAECA2 /* ReleaseMAS */ = {
			isa = XCBuildConfiguration;
			buildSettings = {
				ALWAYS_SEARCH_USER_PATHS = NO;
				ARCHS = arm64;
				CLANG_ANALYZER_NONNULL = YES;
				CLANG_ANALYZER_NUMBER_OBJECT_CONVERSION = YES_AGGRESSIVE;
				CLANG_CXX_LANGUAGE_STANDARD = "gnu++14";
				CLANG_CXX_LIBRARY = "libc++";
				CLANG_ENABLE_MODULES = YES;
				CLANG_ENABLE_OBJC_ARC = YES;
				CLANG_ENABLE_OBJC_WEAK = YES;
				CLANG_WARN_BLOCK_CAPTURE_AUTORELEASING = YES;
				CLANG_WARN_BOOL_CONVERSION = YES;
				CLANG_WARN_COMMA = YES;
				CLANG_WARN_CONSTANT_CONVERSION = YES;
				CLANG_WARN_DEPRECATED_OBJC_IMPLEMENTATIONS = YES;
				CLANG_WARN_DIRECT_OBJC_ISA_USAGE = YES_ERROR;
				CLANG_WARN_DOCUMENTATION_COMMENTS = YES;
				CLANG_WARN_EMPTY_BODY = YES;
				CLANG_WARN_ENUM_CONVERSION = YES;
				CLANG_WARN_INFINITE_RECURSION = YES;
				CLANG_WARN_INT_CONVERSION = YES;
				CLANG_WARN_NON_LITERAL_NULL_CONVERSION = YES;
				CLANG_WARN_OBJC_IMPLICIT_RETAIN_SELF = YES;
				CLANG_WARN_OBJC_LITERAL_CONVERSION = YES;
				CLANG_WARN_OBJC_ROOT_CLASS = YES_ERROR;
				CLANG_WARN_QUOTED_INCLUDE_IN_FRAMEWORK_HEADER = YES;
				CLANG_WARN_RANGE_LOOP_ANALYSIS = YES;
				CLANG_WARN_STRICT_PROTOTYPES = YES;
				CLANG_WARN_SUSPICIOUS_MOVE = YES;
				CLANG_WARN_UNGUARDED_AVAILABILITY = YES_AGGRESSIVE;
				CLANG_WARN_UNREACHABLE_CODE = YES;
				CLANG_WARN__DUPLICATE_METHOD_MATCH = YES;
				CODE_SIGN_ALLOW_ENTITLEMENTS_MODIFICATION = YES;
				CODE_SIGN_STYLE = Automatic;
				COPY_PHASE_STRIP = NO;
				DEAD_CODE_STRIPPING = YES;
				DEBUG_INFORMATION_FORMAT = "dwarf-with-dsym";
				DEVELOPMENT_TEAM = KTP97H9YFF;
				ENABLE_NS_ASSERTIONS = NO;
				ENABLE_STRICT_OBJC_MSGSEND = YES;
				GCC_C_LANGUAGE_STANDARD = gnu11;
				GCC_NO_COMMON_BLOCKS = YES;
				GCC_WARN_64_TO_32_BIT_CONVERSION = YES;
				GCC_WARN_ABOUT_RETURN_TYPE = YES_ERROR;
				GCC_WARN_UNDECLARED_SELECTOR = YES;
				GCC_WARN_UNINITIALIZED_AUTOS = YES_AGGRESSIVE;
				GCC_WARN_UNUSED_FUNCTION = YES;
				GCC_WARN_UNUSED_VARIABLE = YES;
				MACOSX_DEPLOYMENT_TARGET = 14.0;
				MTL_ENABLE_DEBUG_INFO = NO;
				MTL_FAST_MATH = YES;
				PRODUCT_NAME = "$(TARGET_NAME)";
				SWIFT_COMPILATION_MODE = wholemodule;
				SWIFT_EMIT_LOC_STRINGS = YES;
				SWIFT_OPTIMIZATION_LEVEL = "-O";
				SWIFT_VERSION = 5.9;
			};
			name = ReleaseMAS;
		};
		F0ECA21A3F5081D09F29C5EB /* Debug */ = {
			isa = XCBuildConfiguration;
			buildSettings = {
				ALWAYS_SEARCH_USER_PATHS = NO;
				ARCHS = arm64;
				CLANG_ANALYZER_NONNULL = YES;
				CLANG_ANALYZER_NUMBER_OBJECT_CONVERSION = YES_AGGRESSIVE;
				CLANG_CXX_LANGUAGE_STANDARD = "gnu++14";
				CLANG_CXX_LIBRARY = "libc++";
				CLANG_ENABLE_MODULES = YES;
				CLANG_ENABLE_OBJC_ARC = YES;
				CLANG_ENABLE_OBJC_WEAK = YES;
				CLANG_WARN_BLOCK_CAPTURE_AUTORELEASING = YES;
				CLANG_WARN_BOOL_CONVERSION = YES;
				CLANG_WARN_COMMA = YES;
				CLANG_WARN_CONSTANT_CONVERSION = YES;
				CLANG_WARN_DEPRECATED_OBJC_IMPLEMENTATIONS = YES;
				CLANG_WARN_DIRECT_OBJC_ISA_USAGE = YES_ERROR;
				CLANG_WARN_DOCUMENTATION_COMMENTS = YES;
				CLANG_WARN_EMPTY_BODY = YES;
				CLANG_WARN_ENUM_CONVERSION = YES;
				CLANG_WARN_INFINITE_RECURSION = YES;
				CLANG_WARN_INT_CONVERSION = YES;
				CLANG_WARN_NON_LITERAL_NULL_CONVERSION = YES;
				CLANG_WARN_OBJC_IMPLICIT_RETAIN_SELF = YES;
				CLANG_WARN_OBJC_LITERAL_CONVERSION = YES;
				CLANG_WARN_OBJC_ROOT_CLASS = YES_ERROR;
				CLANG_WARN_QUOTED_INCLUDE_IN_FRAMEWORK_HEADER = YES;
				CLANG_WARN_RANGE_LOOP_ANALYSIS = YES;
				CLANG_WARN_STRICT_PROTOTYPES = YES;
				CLANG_WARN_SUSPICIOUS_MOVE = YES;
				CLANG_WARN_UNGUARDED_AVAILABILITY = YES_AGGRESSIVE;
				CLANG_WARN_UNREACHABLE_CODE = YES;
				CLANG_WARN__DUPLICATE_METHOD_MATCH = YES;
				CODE_SIGN_ALLOW_ENTITLEMENTS_MODIFICATION = YES;
				CODE_SIGN_STYLE = Automatic;
				COPY_PHASE_STRIP = NO;
				DEAD_CODE_STRIPPING = YES;
				DEBUG_INFORMATION_FORMAT = dwarf;
				DEVELOPMENT_TEAM = KTP97H9YFF;
				ENABLE_STRICT_OBJC_MSGSEND = YES;
				ENABLE_TESTABILITY = YES;
				GCC_C_LANGUAGE_STANDARD = gnu11;
				GCC_DYNAMIC_NO_PIC = NO;
				GCC_NO_COMMON_BLOCKS = YES;
				GCC_OPTIMIZATION_LEVEL = 0;
				GCC_PREPROCESSOR_DEFINITIONS = (
					"$(inherited)",
					"DEBUG=1",
				);
				GCC_WARN_64_TO_32_BIT_CONVERSION = YES;
				GCC_WARN_ABOUT_RETURN_TYPE = YES_ERROR;
				GCC_WARN_UNDECLARED_SELECTOR = YES;
				GCC_WARN_UNINITIALIZED_AUTOS = YES_AGGRESSIVE;
				GCC_WARN_UNUSED_FUNCTION = YES;
				GCC_WARN_UNUSED_VARIABLE = YES;
				MACOSX_DEPLOYMENT_TARGET = 14.0;
				MTL_ENABLE_DEBUG_INFO = INCLUDE_SOURCE;
				MTL_FAST_MATH = YES;
				ONLY_ACTIVE_ARCH = YES;
				PRODUCT_NAME = "$(TARGET_NAME)";
				SWIFT_ACTIVE_COMPILATION_CONDITIONS = DEBUG;
				SWIFT_EMIT_LOC_STRINGS = YES;
				SWIFT_OPTIMIZATION_LEVEL = "-Onone";
				SWIFT_VERSION = 5.9;
			};
			name = Debug;
		};
/* End XCBuildConfiguration section */

/* Begin XCConfigurationList section */
		0CB62FB915759507E4BDBA3B /* Build configuration list for PBXNativeTarget "Termo-Watch" */ = {
			isa = XCConfigurationList;
			buildConfigurations = (
				787178CD72E035BED5388D6D /* Debug */,
				CB5E7C626AD07B54956EA7D9 /* DebugMAS */,
				6600859A1430C7945B4635D8 /* Release */,
				4255831DB232907B9DA1C857 /* ReleaseMAS */,
			);
			defaultConfigurationIsVisible = 0;
			defaultConfigurationName = Debug;
		};
		4140589C6F02BC5DA46E5CDC /* Build configuration list for PBXProject "Termo" */ = {
			isa = XCConfigurationList;
			buildConfigurations = (
				F0ECA21A3F5081D09F29C5EB /* Debug */,
				08E744A015E4F2DCBD184DB7 /* DebugMAS */,
				0099A2BEA9AD4DA65481688F /* Release */,
				E92C8E7F07EFE9E626FAECA2 /* ReleaseMAS */,
			);
			defaultConfigurationIsVisible = 0;
			defaultConfigurationName = Debug;
		};
		6D67467588D7309322003925 /* Build configuration list for PBXNativeTarget "Termo" */ = {
			isa = XCConfigurationList;
			buildConfigurations = (
				92F7E487E56B677442FB84BE /* Debug */,
				68617F7FA2F240908BD1F960 /* DebugMAS */,
				CDA89A2683E5576E77F50189 /* Release */,
				4737907BF17204385CE4FC98 /* ReleaseMAS */,
			);
			defaultConfigurationIsVisible = 0;
			defaultConfigurationName = Debug;
		};
		B38F0668C8E5D51169EB9F10 /* Build configuration list for PBXNativeTarget "Termo-iOS" */ = {
			isa = XCConfigurationList;
			buildConfigurations = (
				7C45D0C6780B2BEB607B9731 /* Debug */,
				DC14A95CFFD4C54132E33CE8 /* DebugMAS */,
				E5E50511A6D48DA90CCD5C9C /* Release */,
				6DF78356B434F050FC7EA7BA /* ReleaseMAS */,
			);
			defaultConfigurationIsVisible = 0;
			defaultConfigurationName = Debug;
		};
/* End XCConfigurationList section */

/* Begin XCLocalSwiftPackageReference section */
		5F40513BC93BFAD017093EF7 /* XCLocalSwiftPackageReference "TermoCore" */ = {
			isa = XCLocalSwiftPackageReference;
			relativePath = TermoCore;
		};
/* End XCLocalSwiftPackageReference section */

/* Begin XCRemoteSwiftPackageReference section */
		24FC386F270D786934C82453 /* XCRemoteSwiftPackageReference "SwiftTerm" */ = {
			isa = XCRemoteSwiftPackageReference;
			repositoryURL = "https://github.com/migueldeicaza/SwiftTerm";
			requirement = {
				kind = upToNextMajorVersion;
				minimumVersion = 1.13.0;
			};
		};
/* End XCRemoteSwiftPackageReference section */

/* Begin XCSwiftPackageProductDependency section */
		29B716FC3EC01F73653D4A43 /* TermoCore */ = {
			isa = XCSwiftPackageProductDependency;
			productName = TermoCore;
		};
		6B0B341D52D906722944780E /* TermoCore */ = {
			isa = XCSwiftPackageProductDependency;
			productName = TermoCore;
		};
		9AFD70D7F0CA6271D43F4764 /* SwiftTerm */ = {
			isa = XCSwiftPackageProductDependency;
			package = 24FC386F270D786934C82453 /* XCRemoteSwiftPackageReference "SwiftTerm" */;
			productName = SwiftTerm;
		};
/* End XCSwiftPackageProductDependency section */
	};
	rootObject = C0DEF0E23DD91FD59440ED00 /* Project object */;
}
